// !$*UTF8*$!
{
	archiveVersion = 1;
	classes = {
	};
	objectVersion = 55;
	objects = {

/* Begin PBXBuildFile section */
		817FE20F290D531E00FE5CB4 /* ColorPaletteViewExtension.swift in Sources */ = {isa = PBXBuildFile; fileRef = 817FE20E290D531E00FE5CB4 /* ColorPaletteViewExtension.swift */; };
		817FE211290D537600FE5CB4 /* UIColorExtension.swift in Sources */ = {isa = PBXBuildFile; fileRef = 817FE210290D537600FE5CB4 /* UIColorExtension.swift */; };
		81AD8A45290BF6CC00141FBE /* AppDelegate.swift in Sources */ = {isa = PBXBuildFile; fileRef = 81AD8A44290BF6CC00141FBE /* AppDelegate.swift */; };
		81AD8A47290BF6CC00141FBE /* SceneDelegate.swift in Sources */ = {isa = PBXBuildFile; fileRef = 81AD8A46290BF6CC00141FBE /* SceneDelegate.swift */; };
		81AD8A49290BF6CC00141FBE /* ViewController.swift in Sources */ = {isa = PBXBuildFile; fileRef = 81AD8A48290BF6CC00141FBE /* ViewController.swift */; };
		81AD8A4E290BF6CE00141FBE /* Assets.xcassets in Resources */ = {isa = PBXBuildFile; fileRef = 81AD8A4D290BF6CE00141FBE /* Assets.xcassets */; };
		81AD8A51290BF6CE00141FBE /* LaunchScreen.storyboard in Resources */ = {isa = PBXBuildFile; fileRef = 81AD8A4F290BF6CE00141FBE /* LaunchScreen.storyboard */; };
		81AD8A5A290BFD8D00141FBE /* UIView+Pin.swift in Sources */ = {isa = PBXBuildFile; fileRef = 81AD8A59290BFD8D00141FBE /* UIView+Pin.swift */; };
		81AD8A5C290BFDA800141FBE /* CALayer.swift in Sources */ = {isa = PBXBuildFile; fileRef = 81AD8A5B290BFDA800141FBE /* CALayer.swift */; };
		81AD8A5F290BFF3C00141FBE /* ColorPaletteView.swift in Sources */ = {isa = PBXBuildFile; fileRef = 81AD8A5E290BFF3C00141FBE /* ColorPaletteView.swift */; };
		81AD8A61290C7A7100141FBE /* ColorChangeProtocol.swift in Sources */ = {isa = PBXBuildFile; fileRef = 81AD8A60290C7A7100141FBE /* ColorChangeProtocol.swift */; };
/* End PBXBuildFile section */

/* Begin PBXFileReference section */
		817FE20E290D531E00FE5CB4 /* ColorPaletteViewExtension.swift */ = {isa = PBXFileReference; lastKnownFileType = sourcecode.swift; path = ColorPaletteViewExtension.swift; sourceTree = "<group>"; };
		817FE210290D537600FE5CB4 /* UIColorExtension.swift */ = {isa = PBXFileReference; lastKnownFileType = sourcecode.swift; path = UIColorExtension.swift; sourceTree = "<group>"; };
		81AD8A41290BF6CC00141FBE /* adlazarevaHW3.app */ = {isa = PBXFileReference; explicitFileType = wrapper.application; includeInIndex = 0; path = adlazarevaHW3.app; sourceTree = BUILT_PRODUCTS_DIR; };
		81AD8A44290BF6CC00141FBE /* AppDelegate.swift */ = {isa = PBXFileReference; lastKnownFileType = sourcecode.swift; path = AppDelegate.swift; sourceTree = "<group>"; };
		81AD8A46290BF6CC00141FBE /* SceneDelegate.swift */ = {isa = PBXFileReference; lastKnownFileType = sourcecode.swift; path = SceneDelegate.swift; sourceTree = "<group>"; };
		81AD8A48290BF6CC00141FBE /* ViewController.swift */ = {isa = PBXFileReference; lastKnownFileType = sourcecode.swift; path = ViewController.swift; sourceTree = "<group>"; };
		81AD8A4D290BF6CE00141FBE /* Assets.xcassets */ = {isa = PBXFileReference; lastKnownFileType = folder.assetcatalog; path = Assets.xcassets; sourceTree = "<group>"; };
		81AD8A50290BF6CE00141FBE /* Base */ = {isa = PBXFileReference; lastKnownFileType = file.storyboard; name = Base; path = Base.lproj/LaunchScreen.storyboard; sourceTree = "<group>"; };
		81AD8A52290BF6CE00141FBE /* Info.plist */ = {isa = PBXFileReference; lastKnownFileType = text.plist.xml; path = Info.plist; sourceTree = "<group>"; };
		81AD8A59290BFD8D00141FBE /* UIView+Pin.swift */ = {isa = PBXFileReference; lastKnownFileType = sourcecode.swift; path = "UIView+Pin.swift"; sourceTree = "<group>"; };
		81AD8A5B290BFDA800141FBE /* CALayer.swift */ = {isa = PBXFileReference; lastKnownFileType = sourcecode.swift; path = CALayer.swift; sourceTree = "<group>"; };
		81AD8A5E290BFF3C00141FBE /* ColorPaletteView.swift */ = {isa = PBXFileReference; lastKnownFileType = sourcecode.swift; path = ColorPaletteView.swift; sourceTree = "<group>"; };
		81AD8A60290C7A7100141FBE /* ColorChangeProtocol.swift */ = {isa = PBXFileReference; lastKnownFileType = sourcecode.swift; path = ColorChangeProtocol.swift; sourceTree = "<group>"; };
/* End PBXFileReference section */

/* Begin PBXFrameworksBuildPhase section */
		81AD8A3E290BF6CC00141FBE /* Frameworks */ = {
			isa = PBXFrameworksBuildPhase;
			buildActionMask = 2147483647;
			files = (
			);
			runOnlyForDeploymentPostprocessing = 0;
		};
/* End PBXFrameworksBuildPhase section */

/* Begin PBXGroup section */
		817FE20D290D52F400FE5CB4 /* Extensions */ = {
			isa = PBXGroup;
			children = (
				81AD8A5B290BFDA800141FBE /* CALayer.swift */,
				817FE20E290D531E00FE5CB4 /* ColorPaletteViewExtension.swift */,
				817FE210290D537600FE5CB4 /* UIColorExtension.swift */,
			);
			path = Extensions;
			sourceTree = "<group>";
		};
		817FE212290D53C300FE5CB4 /* Protocols */ = {
			isa = PBXGroup;
			children = (
				81AD8A60290C7A7100141FBE /* ColorChangeProtocol.swift */,
			);
			path = Protocols;
			sourceTree = "<group>";
		};
		81AD8A38290BF6CC00141FBE = {
			isa = PBXGroup;
			children = (
				81AD8A43290BF6CC00141FBE /* adlazarevaHW3 */,
				81AD8A42290BF6CC00141FBE /* Products */,
			);
			sourceTree = "<group>";
		};
		81AD8A42290BF6CC00141FBE /* Products */ = {
			isa = PBXGroup;
			children = (
				81AD8A41290BF6CC00141FBE /* adlazarevaHW3.app */,
			);
			name = Products;
			sourceTree = "<group>";
		};
		81AD8A43290BF6CC00141FBE /* adlazarevaHW3 */ = {
			isa = PBXGroup;
			children = (
				817FE212290D53C300FE5CB4 /* Protocols */,
				817FE20D290D52F400FE5CB4 /* Extensions */,
				81AD8A58290BFD7200141FBE /* View */,
				81AD8A44290BF6CC00141FBE /* AppDelegate.swift */,
				81AD8A46290BF6CC00141FBE /* SceneDelegate.swift */,
				81AD8A5D290BFDC300141FBE /* Contoller */,
				81AD8A4D290BF6CE00141FBE /* Assets.xcassets */,
				81AD8A4F290BF6CE00141FBE /* LaunchScreen.storyboard */,
				81AD8A52290BF6CE00141FBE /* Info.plist */,
			);
			path = adlazarevaHW3;
			sourceTree = "<group>";
		};
		81AD8A58290BFD7200141FBE /* View */ = {
			isa = PBXGroup;
			children = (
				81AD8A59290BFD8D00141FBE /* UIView+Pin.swift */,
				81AD8A5E290BFF3C00141FBE /* ColorPaletteView.swift */,
			);
			path = View;
			sourceTree = "<group>";
		};
		81AD8A5D290BFDC300141FBE /* Contoller */ = {
			isa = PBXGroup;
			children = (
				81AD8A48290BF6CC00141FBE /* ViewController.swift */,
			);
			path = Contoller;
			sourceTree = "<group>";
		};
/* End PBXGroup section */

/* Begin PBXNativeTarget section */
		81AD8A40290BF6CC00141FBE /* adlazarevaHW3 */ = {
			isa = PBXNativeTarget;
			buildConfigurationList = 81AD8A55290BF6CE00141FBE /* Build configuration list for PBXNativeTarget "adlazarevaHW3" */;
			buildPhases = (
				81AD8A3D290BF6CC00141FBE /* Sources */,
				81AD8A3E290BF6CC00141FBE /* Frameworks */,
				81AD8A3F290BF6CC00141FBE /* Resources */,
			);
			buildRules = (
			);
			dependencies = (
			);
			name = adlazarevaHW3;
			productName = adlazarevaHW3;
			productReference = 81AD8A41290BF6CC00141FBE /* adlazarevaHW3.app */;
			productType = "com.apple.product-type.application";
		};
/* End PBXNativeTarget section */

/* Begin PBXProject section */
		81AD8A39290BF6CC00141FBE /* Project object */ = {
			isa = PBXProject;
			attributes = {
				BuildIndependentTargetsInParallel = 1;
				LastSwiftUpdateCheck = 1340;
				LastUpgradeCheck = 1340;
				TargetAttributes = {
					81AD8A40290BF6CC00141FBE = {
						CreatedOnToolsVersion = 13.4.1;
					};
				};
			};
			buildConfigurationList = 81AD8A3C290BF6CC00141FBE /* Build configuration list for PBXProject "adlazarevaHW3" */;
			compatibilityVersion = "Xcode 13.0";
			developmentRegion = en;
			hasScannedForEncodings = 0;
			knownRegions = (
				en,
				Base,
			);
			mainGroup = 81AD8A38290BF6CC00141FBE;
			productRefGroup = 81AD8A42290BF6CC00141FBE /* Products */;
			projectDirPath = "";
			projectRoot = "";
			targets = (
				81AD8A40290BF6CC00141FBE /* adlazarevaHW3 */,
			);
		};
/* End PBXProject section */

/* Begin PBXResourcesBuildPhase section */
		81AD8A3F290BF6CC00141FBE /* Resources */ = {
			isa = PBXResourcesBuildPhase;
			buildActionMask = 2147483647;
			files = (
				81AD8A51290BF6CE00141FBE /* LaunchScreen.storyboard in Resources */,
				81AD8A4E290BF6CE00141FBE /* Assets.xcassets in Resources */,
			);
			runOnlyForDeploymentPostprocessing = 0;
		};
/* End PBXResourcesBuildPhase section */

/* Begin PBXSourcesBuildPhase section */
		81AD8A3D290BF6CC00141FBE /* Sources */ = {
			isa = PBXSourcesBuildPhase;
			buildActionMask = 2147483647;
			files = (
				817FE20F290D531E00FE5CB4 /* ColorPaletteViewExtension.swift in Sources */,
				81AD8A49290BF6CC00141FBE /* ViewController.swift in Sources */,
				81AD8A45290BF6CC00141FBE /* AppDelegate.swift in Sources */,
				81AD8A5A290BFD8D00141FBE /* UIView+Pin.swift in Sources */,
				81AD8A47290BF6CC00141FBE /* SceneDelegate.swift in Sources */,
				817FE211290D537600FE5CB4 /* UIColorExtension.swift in Sources */,
				81AD8A5F290BFF3C00141FBE /* ColorPaletteView.swift in Sources */,
				81AD8A61290C7A7100141FBE /* ColorChangeProtocol.swift in Sources */,
				81AD8A5C290BFDA800141FBE /* CALayer.swift in Sources */,
			);
			runOnlyForDeploymentPostprocessing = 0;
		};
/* End PBXSourcesBuildPhase section */

/* Begin PBXVariantGroup section */
		81AD8A4F290BF6CE00141FBE /* LaunchScreen.storyboard */ = {
			isa = PBXVariantGroup;
			children = (
				81AD8A50290BF6CE00141FBE /* Base */,
			);
			name = LaunchScreen.storyboard;
			sourceTree = "<group>";
		};
/* End PBXVariantGroup section */

/* Begin XCBuildConfiguration section */
		81AD8A53290BF6CE00141FBE /* Debug */ = {
			isa = XCBuildConfiguration;
			buildSettings = {
				ALWAYS_SEARCH_USER_PATHS = NO;
				CLANG_ANALYZER_NONNULL = YES;
				CLANG_ANALYZER_NUMBER_OBJECT_CONVERSION = YES_AGGRESSIVE;
				CLANG_CXX_LANGUAGE_STANDARD = "gnu++17";
				CLANG_ENABLE_MODULES = YES;
				CLANG_ENABLE_OBJC_ARC = YES;
				CLANG_ENABLE_OBJC_WEAK = YES;
				CLANG_WARN_BLOCK_CAPTURE_AUTORELEASING = YES;
				CLANG_WARN_BOOL_CONVERSION = YES;
				CLANG_WARN_COMMA = YES;
				CLANG_WARN_CONSTANT_CONVERSION = YES;
				CLANG_WARN_DEPRECATED_OBJC_IMPLEMENTATIONS = YES;
				CLANG_WARN_DIRECT_OBJC_ISA_USAGE = YES_ERROR;
				CLANG_WARN_DOCUMENTATION_COMMENTS = YES;
				CLANG_WARN_EMPTY_BODY = YES;
				CLANG_WARN_ENUM_CONVERSION = YES;
				CLANG_WARN_INFINITE_RECURSION = YES;
				CLANG_WARN_INT_CONVERSION = YES;
				CLANG_WARN_NON_LITERAL_NULL_CONVERSION = YES;
				CLANG_WARN_OBJC_IMPLICIT_RETAIN_SELF = YES;
				CLANG_WARN_OBJC_LITERAL_CONVERSION = YES;
				CLANG_WARN_OBJC_ROOT_CLASS = YES_ERROR;
				CLANG_WARN_QUOTED_INCLUDE_IN_FRAMEWORK_HEADER = YES;
				CLANG_WARN_RANGE_LOOP_ANALYSIS = YES;
				CLANG_WARN_STRICT_PROTOTYPES = YES;
				CLANG_WARN_SUSPICIOUS_MOVE = YES;
				CLANG_WARN_UNGUARDED_AVAILABILITY = YES_AGGRESSIVE;
				CLANG_WARN_UNREACHABLE_CODE = YES;
				CLANG_WARN__DUPLICATE_METHOD_MATCH = YES;
				COPY_PHASE_STRIP = NO;
				DEBUG_INFORMATION_FORMAT = dwarf;
				ENABLE_STRICT_OBJC_MSGSEND = YES;
				ENABLE_TESTABILITY = YES;
				GCC_C_LANGUAGE_STANDARD = gnu11;
				GCC_DYNAMIC_NO_PIC = NO;
				GCC_NO_COMMON_BLOCKS = YES;
				GCC_OPTIMIZATION_LEVEL = 0;
				GCC_PREPROCESSOR_DEFINITIONS = (
					"DEBUG=1",
					"$(inherited)",
				);
				GCC_WARN_64_TO_32_BIT_CONVERSION = YES;
				GCC_WARN_ABOUT_RETURN_TYPE = YES_ERROR;
				GCC_WARN_UNDECLARED_SELECTOR = YES;
				GCC_WARN_UNINITIALIZED_AUTOS = YES_AGGRESSIVE;
				GCC_WARN_UNUSED_FUNCTION = YES;
				GCC_WARN_UNUSED_VARIABLE = YES;
				IPHONEOS_DEPLOYMENT_TARGET = 15.5;
				MTL_ENABLE_DEBUG_INFO = INCLUDE_SOURCE;
				MTL_FAST_MATH = YES;
				ONLY_ACTIVE_ARCH = YES;
				SDKROOT = iphoneos;
				SWIFT_ACTIVE_COMPILATION_CONDITIONS = DEBUG;
				SWIFT_OPTIMIZATION_LEVEL = "-Onone";
			};
			name = Debug;
		};
		81AD8A54290BF6CE00141FBE /* Release */ = {
			isa = XCBuildConfiguration;
			buildSettings = {
				ALWAYS_SEARCH_USER_PATHS = NO;
				CLANG_ANALYZER_NONNULL = YES;
				CLANG_ANALYZER_NUMBER_OBJECT_CONVERSION = YES_AGGRESSIVE;
				CLANG_CXX_LANGUAGE_STANDARD = "gnu++17";
				CLANG_ENABLE_MODULES = YES;
				CLANG_ENABLE_OBJC_ARC = YES;
				CLANG_ENABLE_OBJC_WEAK = YES;
				CLANG_WARN_BLOCK_CAPTURE_AUTORELEASING = YES;
				CLANG_WARN_BOOL_CONVERSION = YES;
				CLANG_WARN_COMMA = YES;
				CLANG_WARN_CONSTANT_CONVERSION = YES;
				CLANG_WARN_DEPRECATED_OBJC_IMPLEMENTATIONS = YES;
				CLANG_WARN_DIRECT_OBJC_ISA_USAGE = YES_ERROR;
				CLANG_WARN_DOCUMENTATION_COMMENTS = YES;
				CLANG_WARN_EMPTY_BODY = YES;
				CLANG_WARN_ENUM_CONVERSION = YES;
				CLANG_WARN_INFINITE_RECURSION = YES;
				CLANG_WARN_INT_CONVERSION = YES;
				CLANG_WARN_NON_LITERAL_NULL_CONVERSION = YES;
				CLANG_WARN_OBJC_IMPLICIT_RETAIN_SELF = YES;
				CLANG_WARN_OBJC_LITERAL_CONVERSION = YES;
				CLANG_WARN_OBJC_ROOT_CLASS = YES_ERROR;
				CLANG_WARN_QUOTED_INCLUDE_IN_FRAMEWORK_HEADER = YES;
				CLANG_WARN_RANGE_LOOP_ANALYSIS = YES;
				CLANG_WARN_STRICT_PROTOTYPES = YES;
				CLANG_WARN_SUSPICIOUS_MOVE = YES;
				CLANG_WARN_UNGUARDED_AVAILABILITY = YES_AGGRESSIVE;
				CLANG_WARN_UNREACHABLE_CODE = YES;
				CLANG_WARN__DUPLICATE_METHOD_MATCH = YES;
				COPY_PHASE_STRIP = NO;
				DEBUG_INFORMATION_FORMAT = "dwarf-with-dsym";
				ENABLE_NS_ASSERTIONS = NO;
				ENABLE_STRICT_OBJC_MSGSEND = YES;
				GCC_C_LANGUAGE_STANDARD = gnu11;
				GCC_NO_COMMON_BLOCKS = YES;
				GCC_WARN_64_TO_32_BIT_CONVERSION = YES;
				GCC_WARN_ABOUT_RETURN_TYPE = YES_ERROR;
				GCC_WARN_UNDECLARED_SELECTOR = YES;
				GCC_WARN_UNINITIALIZED_AUTOS = YES_AGGRESSIVE;
				GCC_WARN_UNUSED_FUNCTION = YES;
				GCC_WARN_UNUSED_VARIABLE = YES;
				IPHONEOS_DEPLOYMENT_TARGET = 15.5;
				MTL_ENABLE_DEBUG_INFO = NO;
				MTL_FAST_MATH = YES;
				SDKROOT = iphoneos;
				SWIFT_COMPILATION_MODE = wholemodule;
				SWIFT_OPTIMIZATION_LEVEL = "-O";
				VALIDATE_PRODUCT = YES;
			};
			name = Release;
		};
		81AD8A56290BF6CE00141FBE /* Debug */ = {
			isa = XCBuildConfiguration;
			buildSettings = {
				ASSETCATALOG_COMPILER_APPICON_NAME = AppIcon;
				ASSETCATALOG_COMPILER_GLOBAL_ACCENT_COLOR_NAME = AccentColor;
				CODE_SIGN_STYLE = Automatic;
				CURRENT_PROJECT_VERSION = 1;
				DEVELOPMENT_TEAM = 7P9G8L9G3Z;
				GENERATE_INFOPLIST_FILE = YES;
				INFOPLIST_FILE = adlazarevaHW3/Info.plist;
				INFOPLIST_KEY_UIApplicationSupportsIndirectInputEvents = YES;
				INFOPLIST_KEY_UILaunchStoryboardName = LaunchScreen;
				INFOPLIST_KEY_UISupportedInterfaceOrientations_iPad = "UIInterfaceOrientationPortrait UIInterfaceOrientationPortraitUpsideDown UIInterfaceOrientationLandscapeLeft UIInterfaceOrientationLandscapeRight";
				INFOPLIST_KEY_UISupportedInterfaceOrientations_iPhone = "UIInterfaceOrientationPortrait UIInterfaceOrientationLandscapeLeft UIInterfaceOrientationLandscapeRight";
				LD_RUNPATH_SEARCH_PATHS = (
					"$(inherited)",
					"@executable_path/Frameworks",
				);
				MARKETING_VERSION = 1.0;
				PRODUCT_BUNDLE_IDENTIFIER = "-.adlazarevaHW3";
				PRODUCT_NAME = "$(TARGET_NAME)";
				SWIFT_EMIT_LOC_STRINGS = YES;
				SWIFT_VERSION = 5.0;
				TARGETED_DEVICE_FAMILY = "1,2";
			};
			name = Debug;
		};
		81AD8A57290BF6CE00141FBE /* Release */ = {
			isa = XCBuildConfiguration;
			buildSettings = {
				ASSETCATALOG_COMPILER_APPICON_NAME = AppIcon;
				ASSETCATALOG_COMPILER_GLOBAL_ACCENT_COLOR_NAME = AccentColor;
				CODE_SIGN_STYLE = Automatic;
				CURRENT_PROJECT_VERSION = 1;
				DEVELOPMENT_TEAM = 7P9G8L9G3Z;
				GENERATE_INFOPLIST_FILE = YES;
				INFOPLIST_FILE = adlazarevaHW3/Info.plist;
				INFOPLIST_KEY_UIApplicationSupportsIndirectInputEvents = YES;
				INFOPLIST_KEY_UILaunchStoryboardName = LaunchScreen;
				INFOPLIST_KEY_UISupportedInterfaceOrientations_iPad = "UIInterfaceOrientationPortrait UIInterfaceOrientationPortraitUpsideDown UIInterfaceOrientationLandscapeLeft UIInterfaceOrientationLandscapeRight";
				INFOPLIST_KEY_UISupportedInterfaceOrientations_iPhone = "UIInterfaceOrientationPortrait UIInterfaceOrientationLandscapeLeft UIInterfaceOrientationLandscapeRight";
				LD_RUNPATH_SEARCH_PATHS = (
					"$(inherited)",
					"@executable_path/Frameworks",
				);
				MARKETING_VERSION = 1.0;
				PRODUCT_BUNDLE_IDENTIFIER = "-.adlazarevaHW3";
				PRODUCT_NAME = "$(TARGET_NAME)";
				SWIFT_EMIT_LOC_STRINGS = YES;
				SWIFT_VERSION = 5.0;
				TARGETED_DEVICE_FAMILY = "1,2";
			};
			name = Release;
		};
/* End XCBuildConfiguration section */

/* Begin XCConfigurationList section */
		81AD8A3C290BF6CC00141FBE /* Build configuration list for PBXProject "adlazarevaHW3" */ = {
			isa = XCConfigurationList;
			buildConfigurations = (
				81AD8A53290BF6CE00141FBE /* Debug */,
				81AD8A54290BF6CE00141FBE /* Release */,
			);
			defaultConfigurationIsVisible = 0;
			defaultConfigurationName = Release;
		};
		81AD8A55290BF6CE00141FBE /* Build configuration list for PBXNativeTarget "adlazarevaHW3" */ = {
			isa = XCConfigurationList;
			buildConfigurations = (
				81AD8A56290BF6CE00141FBE /* Debug */,
				81AD8A57290BF6CE00141FBE /* Release */,
			);
			defaultConfigurationIsVisible = 0;
			defaultConfigurationName = Release;
		};
/* End XCConfigurationList section */
	};
	rootObject = 81AD8A39290BF6CC00141FBE /* Project object */;
}
